
Microsoft Visual Studio Solution File, Format Version 12.00
# Visual Studio Version 16
VisualStudioVersion = 16.0.29709.97
MinimumVisualStudioVersion = 10.0.40219.1
Project("{FAE04EC0-301F-11D3-BF4B-00C04F79EFBC}") = "Ffmpeg_With_Shell", "Ffmpeg_With_Shell.csproj", "{438CA508-51B5-447C-9EB4-A96182E9974B}"
EndProject
Global
	GlobalSection(SolutionConfigurationPlatforms) = preSolution
		Debug|Any CPU = Debug|Any CPU
		Release|Any CPU = Release|Any CPU
	EndGlobalSection
	GlobalSection(ProjectConfigurationPlatforms) = postSolution
		{438CA508-51B5-447C-9EB4-A96182E9974B}.Debug|Any CPU.ActiveCfg = Debug|Any CPU
		{438CA508-51B5-447C-9EB4-A96182E9974B}.Debug|Any CPU.Build.0 = Debug|Any CPU
		{438CA508-51B5-447C-9EB4-A96182E9974B}.Release|Any CPU.ActiveCfg = Release|Any CPU
		{438CA508-51B5-447C-9EB4-A96182E9974B}.Release|Any CPU.Build.0 = Release|Any CPU
	EndGlobalSection
	GlobalSection(SolutionProperties) = preSolution
		HideSolutionNode = FALSE
	EndGlobalSection
	GlobalSection(ExtensibilityGlobals) = postSolution
		SolutionGuid = {C994CB46-710E-4E08-9FCB-721905B5664F}
	EndGlobalSection
EndGlobal
